
Microsoft Visual Studio Solution File, Format Version 12.00
# Visual Studio Version 16
VisualStudioVersion = 16.0.32106.194
MinimumVisualStudioVersion = 10.0.40219.1
Project("{FAE04EC0-301F-11D3-BF4B-00C04F79EFBC}") = "GitHubRepoExample", "GitHubRepoExample\GitHubRepoExample.csproj", "{00C1350B-6833-40F3-A4A3-6292D242D3BD}"
EndProject
Global
	GlobalSection(SolutionConfigurationPlatforms) = preSolution
		Debug|Any CPU = Debug|Any CPU
		Release|Any CPU = Release|Any CPU
	EndGlobalSection
	GlobalSection(ProjectConfigurationPlatforms) = postSolution
		{00C1350B-6833-40F3-A4A3-6292D242D3BD}.Debug|Any CPU.ActiveCfg = Debug|Any CPU
		{00C1350B-6833-40F3-A4A3-6292D242D3BD}.Debug|Any CPU.Build.0 = Debug|Any CPU
		{00C1350B-6833-40F3-A4A3-6292D242D3BD}.Release|Any CPU.ActiveCfg = Release|Any CPU
		{00C1350B-6833-40F3-A4A3-6292D242D3BD}.Release|Any CPU.Build.0 = Release|Any CPU
	EndGlobalSection
	GlobalSection(SolutionProperties) = preSolution
		HideSolutionNode = FALSE
	EndGlobalSection
	GlobalSection(ExtensibilityGlobals) = postSolution
		SolutionGuid = {8C44D640-0D32-47DC-A6E5-A1EE9196A7D5}
	EndGlobalSection
EndGlobal
